// !$*UTF8*$!
{
	archiveVersion = 1;
	classes = {
	};
	objectVersion = 48;
	objects = {

/* Begin PBXBuildFile section */
		07252090207E70E2002E751A /* AppDelegate.swift in Sources */ = {isa = PBXBuildFile; fileRef = 0725208F207E70E2002E751A /* AppDelegate.swift */; };
		07252092207E70E2002E751A /* ShowsViewController.swift in Sources */ = {isa = PBXBuildFile; fileRef = 07252091207E70E2002E751A /* ShowsViewController.swift */; };
		07252095207E70E2002E751A /* Main.storyboard in Resources */ = {isa = PBXBuildFile; fileRef = 07252093207E70E2002E751A /* Main.storyboard */; };
		07252097207E70E2002E751A /* Assets.xcassets in Resources */ = {isa = PBXBuildFile; fileRef = 07252096207E70E2002E751A /* Assets.xcassets */; };
		0725209A207E70E2002E751A /* LaunchScreen.storyboard in Resources */ = {isa = PBXBuildFile; fileRef = 07252098207E70E2002E751A /* LaunchScreen.storyboard */; };
		A6FDF0DB2080931A00FA2F3E /* ShowTableViewCell.swift in Sources */ = {isa = PBXBuildFile; fileRef = A6FDF0DA2080931A00FA2F3E /* ShowTableViewCell.swift */; };
/* End PBXBuildFile section */

/* Begin PBXFileReference section */
		0725208C207E70E2002E751A /* TableViewWithGit.app */ = {isa = PBXFileReference; explicitFileType = wrapper.application; includeInIndex = 0; path = TableViewWithGit.app; sourceTree = BUILT_PRODUCTS_DIR; };
		0725208F207E70E2002E751A /* AppDelegate.swift */ = {isa = PBXFileReference; lastKnownFileType = sourcecode.swift; path = AppDelegate.swift; sourceTree = "<group>"; };
		07252091207E70E2002E751A /* ShowsViewController.swift */ = {isa = PBXFileReference; lastKnownFileType = sourcecode.swift; path = ShowsViewController.swift; sourceTree = "<group>"; };
		07252094207E70E2002E751A /* Base */ = {isa = PBXFileReference; lastKnownFileType = file.storyboard; name = Base; path = Base.lproj/Main.storyboard; sourceTree = "<group>"; };
		07252096207E70E2002E751A /* Assets.xcassets */ = {isa = PBXFileReference; lastKnownFileType = folder.assetcatalog; path = Assets.xcassets; sourceTree = "<group>"; };
		07252099207E70E2002E751A /* Base */ = {isa = PBXFileReference; lastKnownFileType = file.storyboard; name = Base; path = Base.lproj/LaunchScreen.storyboard; sourceTree = "<group>"; };
		0725209B207E70E2002E751A /* Info.plist */ = {isa = PBXFileReference; lastKnownFileType = text.plist.xml; path = Info.plist; sourceTree = "<group>"; };
		A6FDF0DA2080931A00FA2F3E /* ShowTableViewCell.swift */ = {isa = PBXFileReference; lastKnownFileType = sourcecode.swift; path = ShowTableViewCell.swift; sourceTree = "<group>"; };
/* End PBXFileReference section */

/* Begin PBXFrameworksBuildPhase section */
		07252089207E70E2002E751A /* Frameworks */ = {
			isa = PBXFrameworksBuildPhase;
			buildActionMask = 2147483647;
			files = (
			);
			runOnlyForDeploymentPostprocessing = 0;
		};
/* End PBXFrameworksBuildPhase section */

/* Begin PBXGroup section */
		07252083207E70E2002E751A = {
			isa = PBXGroup;
			children = (
				0725208E207E70E2002E751A /* TableViewWithGit */,
				0725208D207E70E2002E751A /* Products */,
			);
			sourceTree = "<group>";
		};
		0725208D207E70E2002E751A /* Products */ = {
			isa = PBXGroup;
			children = (
				0725208C207E70E2002E751A /* TableViewWithGit.app */,
			);
			name = Products;
			sourceTree = "<group>";
		};
		0725208E207E70E2002E751A /* TableViewWithGit */ = {
			isa = PBXGroup;
			children = (
				0725208F207E70E2002E751A /* AppDelegate.swift */,
				07252091207E70E2002E751A /* ShowsViewController.swift */,
				A6FDF0DA2080931A00FA2F3E /* ShowTableViewCell.swift */,
				07252093207E70E2002E751A /* Main.storyboard */,
				07252096207E70E2002E751A /* Assets.xcassets */,
				07252098207E70E2002E751A /* LaunchScreen.storyboard */,
				0725209B207E70E2002E751A /* Info.plist */,
			);
			path = TableViewWithGit;
			sourceTree = "<group>";
		};
/* End PBXGroup section */

/* Begin PBXNativeTarget section */
		0725208B207E70E2002E751A /* TableViewWithGit */ = {
			isa = PBXNativeTarget;
			buildConfigurationList = 0725209E207E70E2002E751A /* Build configuration list for PBXNativeTarget "TableViewWithGit" */;
			buildPhases = (
				07252088207E70E2002E751A /* Sources */,
				07252089207E70E2002E751A /* Frameworks */,
				0725208A207E70E2002E751A /* Resources */,
			);
			buildRules = (
			);
			dependencies = (
			);
			name = TableViewWithGit;
			productName = TableViewWithGit;
			productReference = 0725208C207E70E2002E751A /* TableViewWithGit.app */;
			productType = "com.apple.product-type.application";
		};
/* End PBXNativeTarget section */

/* Begin PBXProject section */
		07252084207E70E2002E751A /* Project object */ = {
			isa = PBXProject;
			attributes = {
				LastSwiftUpdateCheck = 0920;
				LastUpgradeCheck = 0920;
				ORGANIZATIONNAME = com.comtrade.CodeAcademy;
				TargetAttributes = {
					0725208B207E70E2002E751A = {
						CreatedOnToolsVersion = 9.2;
						ProvisioningStyle = Automatic;
					};
				};
			};
			buildConfigurationList = 07252087207E70E2002E751A /* Build configuration list for PBXProject "TableViewWithGit" */;
			compatibilityVersion = "Xcode 8.0";
			developmentRegion = en;
			hasScannedForEncodings = 0;
			knownRegions = (
				en,
				Base,
			);
			mainGroup = 07252083207E70E2002E751A;
			productRefGroup = 0725208D207E70E2002E751A /* Products */;
			projectDirPath = "";
			projectRoot = "";
			targets = (
				0725208B207E70E2002E751A /* TableViewWithGit */,
			);
		};
/* End PBXProject section */

/* Begin PBXResourcesBuildPhase section */
		0725208A207E70E2002E751A /* Resources */ = {
			isa = PBXResourcesBuildPhase;
			buildActionMask = 2147483647;
			files = (
				0725209A207E70E2002E751A /* LaunchScreen.storyboard in Resources */,
				07252097207E70E2002E751A /* Assets.xcassets in Resources */,
				07252095207E70E2002E751A /* Main.storyboard in Resources */,
			);
			runOnlyForDeploymentPostprocessing = 0;
		};
/* End PBXResourcesBuildPhase section */

/* Begin PBXSourcesBuildPhase section */
		07252088207E70E2002E751A /* Sources */ = {
			isa = PBXSourcesBuildPhase;
			buildActionMask = 2147483647;
			files = (
				A6FDF0DB2080931A00FA2F3E /* ShowTableViewCell.swift in Sources */,
				07252092207E70E2002E751A /* ShowsViewController.swift in Sources */,
				07252090207E70E2002E751A /* AppDelegate.swift in Sources */,
			);
			runOnlyForDeploymentPostprocessing = 0;
		};
/* End PBXSourcesBuildPhase section */

/* Begin PBXVariantGroup section */
		07252093207E70E2002E751A /* Main.storyboard */ = {
			isa = PBXVariantGroup;
			children = (
				07252094207E70E2002E751A /* Base */,
			);
			name = Main.storyboard;
			sourceTree = "<group>";
		};
		07252098207E70E2002E751A /* LaunchScreen.storyboard */ = {
			isa = PBXVariantGroup;
			children = (
				07252099207E70E2002E751A /* Base */,
			);
			name = LaunchScreen.storyboard;
			sourceTree = "<group>";
		};
/* End PBXVariantGroup section */

/* Begin XCBuildConfiguration section */
		0725209C207E70E2002E751A /* Debug */ = {
			isa = XCBuildConfiguration;
			buildSettings = {
				ALWAYS_SEARCH_USER_PATHS = NO;
				CLANG_ANALYZER_NONNULL = YES;
				CLANG_ANALYZER_NUMBER_OBJECT_CONVERSION = YES_AGGRESSIVE;
				CLANG_CXX_LANGUAGE_STANDARD = "gnu++14";
				CLANG_CXX_LIBRARY = "libc++";
				CLANG_ENABLE_MODULES = YES;
				CLANG_ENABLE_OBJC_ARC = YES;
				CLANG_WARN_BLOCK_CAPTURE_AUTORELEASING = YES;
				CLANG_WARN_BOOL_CONVERSION = YES;
				CLANG_WARN_COMMA = YES;
				CLANG_WARN_CONSTANT_CONVERSION = YES;
				CLANG_WARN_DIRECT_OBJC_ISA_USAGE = YES_ERROR;
				CLANG_WARN_DOCUMENTATION_COMMENTS = YES;
				CLANG_WARN_EMPTY_BODY = YES;
				CLANG_WARN_ENUM_CONVERSION = YES;
				CLANG_WARN_INFINITE_RECURSION = YES;
				CLANG_WARN_INT_CONVERSION = YES;
				CLANG_WARN_NON_LITERAL_NULL_CONVERSION = YES;
				CLANG_WARN_OBJC_LITERAL_CONVERSION = YES;
				CLANG_WARN_OBJC_ROOT_CLASS = YES_ERROR;
				CLANG_WARN_RANGE_LOOP_ANALYSIS = YES;
				CLANG_WARN_STRICT_PROTOTYPES = YES;
				CLANG_WARN_SUSPICIOUS_MOVE = YES;
				CLANG_WARN_UNGUARDED_AVAILABILITY = YES_AGGRESSIVE;
				CLANG_WARN_UNREACHABLE_CODE = YES;
				CLANG_WARN__DUPLICATE_METHOD_MATCH = YES;
				CODE_SIGN_IDENTITY = "iPhone Developer";
				COPY_PHASE_STRIP = NO;
				DEBUG_INFORMATION_FORMAT = dwarf;
				ENABLE_STRICT_OBJC_MSGSEND = YES;
				ENABLE_TESTABILITY = YES;
				GCC_C_LANGUAGE_STANDARD = gnu11;
				GCC_DYNAMIC_NO_PIC = NO;
				GCC_NO_COMMON_BLOCKS = YES;
				GCC_OPTIMIZATION_LEVEL = 0;
				GCC_PREPROCESSOR_DEFINITIONS = (
					"DEBUG=1",
					"$(inherited)",
				);
				GCC_WARN_64_TO_32_BIT_CONVERSION = YES;
				GCC_WARN_ABOUT_RETURN_TYPE = YES_ERROR;
				GCC_WARN_UNDECLARED_SELECTOR = YES;
				GCC_WARN_UNINITIALIZED_AUTOS = YES_AGGRESSIVE;
				GCC_WARN_UNUSED_FUNCTION = YES;
				GCC_WARN_UNUSED_VARIABLE = YES;
				IPHONEOS_DEPLOYMENT_TARGET = 11.2;
				MTL_ENABLE_DEBUG_INFO = YES;
				ONLY_ACTIVE_ARCH = YES;
				SDKROOT = iphoneos;
				SWIFT_ACTIVE_COMPILATION_CONDITIONS = DEBUG;
				SWIFT_OPTIMIZATION_LEVEL = "-Onone";
			};
			name = Debug;
		};
		0725209D207E70E2002E751A /* Release */ = {
			isa = XCBuildConfiguration;
			buildSettings = {
				ALWAYS_SEARCH_USER_PATHS = NO;
				CLANG_ANALYZER_NONNULL = YES;
				CLANG_ANALYZER_NUMBER_OBJECT_CONVERSION = YES_AGGRESSIVE;
				CLANG_CXX_LANGUAGE_STANDARD = "gnu++14";
				CLANG_CXX_LIBRARY = "libc++";
				CLANG_ENABLE_MODULES = YES;
				CLANG_ENABLE_OBJC_ARC = YES;
				CLANG_WARN_BLOCK_CAPTURE_AUTORELEASING = YES;
				CLANG_WARN_BOOL_CONVERSION = YES;
				CLANG_WARN_COMMA = YES;
				CLANG_WARN_CONSTANT_CONVERSION = YES;
				CLANG_WARN_DIRECT_OBJC_ISA_USAGE = YES_ERROR;
				CLANG_WARN_DOCUMENTATION_COMMENTS = YES;
				CLANG_WARN_EMPTY_BODY = YES;
				CLANG_WARN_ENUM_CONVERSION = YES;
				CLANG_WARN_INFINITE_RECURSION = YES;
				CLANG_WARN_INT_CONVERSION = YES;
				CLANG_WARN_NON_LITERAL_NULL_CONVERSION = YES;
				CLANG_WARN_OBJC_LITERAL_CONVERSION = YES;
				CLANG_WARN_OBJC_ROOT_CLASS = YES_ERROR;
				CLANG_WARN_RANGE_LOOP_ANALYSIS = YES;
				CLANG_WARN_STRICT_PROTOTYPES = YES;
				CLANG_WARN_SUSPICIOUS_MOVE = YES;
				CLANG_WARN_UNGUARDED_AVAILABILITY = YES_AGGRESSIVE;
				CLANG_WARN_UNREACHABLE_CODE = YES;
				CLANG_WARN__DUPLICATE_METHOD_MATCH = YES;
				CODE_SIGN_IDENTITY = "iPhone Developer";
				COPY_PHASE_STRIP = NO;
				DEBUG_INFORMATION_FORMAT = "dwarf-with-dsym";
				ENABLE_NS_ASSERTIONS = NO;
				ENABLE_STRICT_OBJC_MSGSEND = YES;
				GCC_C_LANGUAGE_STANDARD = gnu11;
				GCC_NO_COMMON_BLOCKS = YES;
				GCC_WARN_64_TO_32_BIT_CONVERSION = YES;
				GCC_WARN_ABOUT_RETURN_TYPE = YES_ERROR;
				GCC_WARN_UNDECLARED_SELECTOR = YES;
				GCC_WARN_UNINITIALIZED_AUTOS = YES_AGGRESSIVE;
				GCC_WARN_UNUSED_FUNCTION = YES;
				GCC_WARN_UNUSED_VARIABLE = YES;
				IPHONEOS_DEPLOYMENT_TARGET = 11.2;
				MTL_ENABLE_DEBUG_INFO = NO;
				SDKROOT = iphoneos;
				SWIFT_OPTIMIZATION_LEVEL = "-Owholemodule";
				VALIDATE_PRODUCT = YES;
			};
			name = Release;
		};
		0725209F207E70E2002E751A /* Debug */ = {
			isa = XCBuildConfiguration;
			buildSettings = {
				ASSETCATALOG_COMPILER_APPICON_NAME = AppIcon;
				CODE_SIGN_STYLE = Automatic;
				DEVELOPMENT_TEAM = 43E5B5CSA6;
				INFOPLIST_FILE = TableViewWithGit/Info.plist;
				LD_RUNPATH_SEARCH_PATHS = "$(inherited) @executable_path/Frameworks";
				PRODUCT_BUNDLE_IDENTIFIER = Comtrade.TableViewWithGit;
				PRODUCT_NAME = "$(TARGET_NAME)";
				SWIFT_VERSION = 4.0;
				TARGETED_DEVICE_FAMILY = "1,2";
			};
			name = Debug;
		};
		072520A0207E70E2002E751A /* Release */ = {
			isa = XCBuildConfiguration;
			buildSettings = {
				ASSETCATALOG_COMPILER_APPICON_NAME = AppIcon;
				CODE_SIGN_STYLE = Automatic;
				DEVELOPMENT_TEAM = 43E5B5CSA6;
				INFOPLIST_FILE = TableViewWithGit/Info.plist;
				LD_RUNPATH_SEARCH_PATHS = "$(inherited) @executable_path/Frameworks";
				PRODUCT_BUNDLE_IDENTIFIER = Comtrade.TableViewWithGit;
				PRODUCT_NAME = "$(TARGET_NAME)";
				SWIFT_VERSION = 4.0;
				TARGETED_DEVICE_FAMILY = "1,2";
			};
			name = Release;
		};
/* End XCBuildConfiguration section */

/* Begin XCConfigurationList section */
		07252087207E70E2002E751A /* Build configuration list for PBXProject "TableViewWithGit" */ = {
			isa = XCConfigurationList;
			buildConfigurations = (
				0725209C207E70E2002E751A /* Debug */,
				0725209D207E70E2002E751A /* Release */,
			);
			defaultConfigurationIsVisible = 0;
			defaultConfigurationName = Release;
		};
		0725209E207E70E2002E751A /* Build configuration list for PBXNativeTarget "TableViewWithGit" */ = {
			isa = XCConfigurationList;
			buildConfigurations = (
				0725209F207E70E2002E751A /* Debug */,
				072520A0207E70E2002E751A /* Release */,
			);
			defaultConfigurationIsVisible = 0;
			defaultConfigurationName = Release;
		};
/* End XCConfigurationList section */
	};
	rootObject = 07252084207E70E2002E751A /* Project object */;
}
